
Microsoft Visual Studio Solution File, Format Version 12.00
# Visual Studio Version 17
VisualStudioVersion = 17.3.32825.248
MinimumVisualStudioVersion = 10.0.40219.1
Project("{FAE04EC0-301F-11D3-BF4B-00C04F79EFBC}") = "ForEach", "ForEach.csproj", "{5777BE34-FE08-4FAF-A226-04503FCE4661}"
EndProject
Global
	GlobalSection(SolutionConfigurationPlatforms) = preSolution
		Debug|Any CPU = Debug|Any CPU
		Release|Any CPU = Release|Any CPU
	EndGlobalSection
	GlobalSection(ProjectConfigurationPlatforms) = postSolution
		{5777BE34-FE08-4FAF-A226-04503FCE4661}.Debug|Any CPU.ActiveCfg = Debug|Any CPU
		{5777BE34-FE08-4FAF-A226-04503FCE4661}.Debug|Any CPU.Build.0 = Debug|Any CPU
		{5777BE34-FE08-4FAF-A226-04503FCE4661}.Release|Any CPU.ActiveCfg = Release|Any CPU
		{5777BE34-FE08-4FAF-A226-04503FCE4661}.Release|Any CPU.Build.0 = Release|Any CPU
	EndGlobalSection
	GlobalSection(SolutionProperties) = preSolution
		HideSolutionNode = FALSE
	EndGlobalSection
	GlobalSection(ExtensibilityGlobals) = postSolution
		SolutionGuid = {797FDC01-ECF3-4870-8E36-01C37259BF4F}
	EndGlobalSection
EndGlobal
