
Microsoft Visual Studio Solution File, Format Version 12.00
# Visual Studio Version 17
VisualStudioVersion = 17.2.32630.192
MinimumVisualStudioVersion = 10.0.40219.1
Project("{FAE04EC0-301F-11D3-BF4B-00C04F79EFBC}") = "CSharpBasics", "CSharpBasics.csproj", "{82F2B7E1-B02A-4FE0-AE00-E3BC71E1E864}"
EndProject
Project("{2150E333-8FDC-42A3-9474-1A3956D46DE8}") = "Solution Items", "Solution Items", "{126AACF4-CAC7-4EC9-8829-80E93C668D9F}"
	ProjectSection(SolutionItems) = preProject
		.editorconfig = .editorconfig
	EndProjectSection
EndProject
Global
	GlobalSection(SolutionConfigurationPlatforms) = preSolution
		Debug|Any CPU = Debug|Any CPU
		Release|Any CPU = Release|Any CPU
	EndGlobalSection
	GlobalSection(ProjectConfigurationPlatforms) = postSolution
		{82F2B7E1-B02A-4FE0-AE00-E3BC71E1E864}.Debug|Any CPU.ActiveCfg = Debug|Any CPU
		{82F2B7E1-B02A-4FE0-AE00-E3BC71E1E864}.Debug|Any CPU.Build.0 = Debug|Any CPU
		{82F2B7E1-B02A-4FE0-AE00-E3BC71E1E864}.Release|Any CPU.ActiveCfg = Release|Any CPU
		{82F2B7E1-B02A-4FE0-AE00-E3BC71E1E864}.Release|Any CPU.Build.0 = Release|Any CPU
	EndGlobalSection
	GlobalSection(SolutionProperties) = preSolution
		HideSolutionNode = FALSE
	EndGlobalSection
	GlobalSection(ExtensibilityGlobals) = postSolution
		SolutionGuid = {7032CC72-62B6-4983-9D55-79BA3A8367A0}
	EndGlobalSection
EndGlobal
