
Microsoft Visual Studio Solution File, Format Version 12.00
# Visual Studio Version 17
VisualStudioVersion = 17.4.33103.184
MinimumVisualStudioVersion = 10.0.40219.1
Project("{9A19103F-16F7-4668-BE54-9A1E7A4F7556}") = "Decimals", "Decimals.csproj", "{A36EF97F-C532-46B0-AE76-B43BA1B0FCBD}"
EndProject
Global
	GlobalSection(SolutionConfigurationPlatforms) = preSolution
		Debug|Any CPU = Debug|Any CPU
		Release|Any CPU = Release|Any CPU
	EndGlobalSection
	GlobalSection(ProjectConfigurationPlatforms) = postSolution
		{A36EF97F-C532-46B0-AE76-B43BA1B0FCBD}.Debug|Any CPU.ActiveCfg = Debug|Any CPU
		{A36EF97F-C532-46B0-AE76-B43BA1B0FCBD}.Debug|Any CPU.Build.0 = Debug|Any CPU
		{A36EF97F-C532-46B0-AE76-B43BA1B0FCBD}.Release|Any CPU.ActiveCfg = Release|Any CPU
		{A36EF97F-C532-46B0-AE76-B43BA1B0FCBD}.Release|Any CPU.Build.0 = Release|Any CPU
	EndGlobalSection
	GlobalSection(SolutionProperties) = preSolution
		HideSolutionNode = FALSE
	EndGlobalSection
	GlobalSection(ExtensibilityGlobals) = postSolution
		SolutionGuid = {41C45B7D-C727-4291-91B1-BBD50639190D}
	EndGlobalSection
EndGlobal
