
Microsoft Visual Studio Solution File, Format Version 12.00
# Visual Studio Version 17
VisualStudioVersion = 17.3.32819.101
MinimumVisualStudioVersion = 10.0.40219.1
Project("{FAE04EC0-301F-11D3-BF4B-00C04F79EFBC}") = "Indexers", "Indexers.csproj", "{448C5F10-7D4F-4416-8103-E8C1AA0883E3}"
EndProject
Global
	GlobalSection(SolutionConfigurationPlatforms) = preSolution
		Debug|Any CPU = Debug|Any CPU
		Release|Any CPU = Release|Any CPU
	EndGlobalSection
	GlobalSection(ProjectConfigurationPlatforms) = postSolution
		{448C5F10-7D4F-4416-8103-E8C1AA0883E3}.Debug|Any CPU.ActiveCfg = Debug|Any CPU
		{448C5F10-7D4F-4416-8103-E8C1AA0883E3}.Debug|Any CPU.Build.0 = Debug|Any CPU
		{448C5F10-7D4F-4416-8103-E8C1AA0883E3}.Release|Any CPU.ActiveCfg = Release|Any CPU
		{448C5F10-7D4F-4416-8103-E8C1AA0883E3}.Release|Any CPU.Build.0 = Release|Any CPU
	EndGlobalSection
	GlobalSection(SolutionProperties) = preSolution
		HideSolutionNode = FALSE
	EndGlobalSection
	GlobalSection(ExtensibilityGlobals) = postSolution
		SolutionGuid = {36049DEB-266E-4D43-B2D5-A3EEEBE2A0E0}
	EndGlobalSection
EndGlobal
