
Microsoft Visual Studio Solution File, Format Version 12.00
# Visual Studio Version 17
VisualStudioVersion = 17.4.33205.214
MinimumVisualStudioVersion = 10.0.40219.1
Project("{9A19103F-16F7-4668-BE54-9A1E7A4F7556}") = "Structures", "Structures.csproj", "{D3162964-308B-4C9C-8AD0-E7882A3269D1}"
EndProject
Global
	GlobalSection(SolutionConfigurationPlatforms) = preSolution
		Debug|Any CPU = Debug|Any CPU
		Release|Any CPU = Release|Any CPU
	EndGlobalSection
	GlobalSection(ProjectConfigurationPlatforms) = postSolution
		{D3162964-308B-4C9C-8AD0-E7882A3269D1}.Debug|Any CPU.ActiveCfg = Debug|Any CPU
		{D3162964-308B-4C9C-8AD0-E7882A3269D1}.Debug|Any CPU.Build.0 = Debug|Any CPU
		{D3162964-308B-4C9C-8AD0-E7882A3269D1}.Release|Any CPU.ActiveCfg = Release|Any CPU
		{D3162964-308B-4C9C-8AD0-E7882A3269D1}.Release|Any CPU.Build.0 = Release|Any CPU
	EndGlobalSection
	GlobalSection(SolutionProperties) = preSolution
		HideSolutionNode = FALSE
	EndGlobalSection
	GlobalSection(ExtensibilityGlobals) = postSolution
		SolutionGuid = {89FCFEDE-FD53-4B3E-971D-865BD63CCCB0}
	EndGlobalSection
EndGlobal
