
Microsoft Visual Studio Solution File, Format Version 12.00
# Visual Studio Version 17
VisualStudioVersion = 17.4.33213.308
MinimumVisualStudioVersion = 10.0.40219.1
Project("{FAE04EC0-301F-11D3-BF4B-00C04F79EFBC}") = "AcessModifiers", "AcessModifiers\AcessModifiers.csproj", "{7F22CEAB-0747-454C-8D34-62289D3F6D4F}"
EndProject
Global
	GlobalSection(SolutionConfigurationPlatforms) = preSolution
		Debug|Any CPU = Debug|Any CPU
		Release|Any CPU = Release|Any CPU
	EndGlobalSection
	GlobalSection(ProjectConfigurationPlatforms) = postSolution
		{7F22CEAB-0747-454C-8D34-62289D3F6D4F}.Debug|Any CPU.ActiveCfg = Debug|Any CPU
		{7F22CEAB-0747-454C-8D34-62289D3F6D4F}.Debug|Any CPU.Build.0 = Debug|Any CPU
		{7F22CEAB-0747-454C-8D34-62289D3F6D4F}.Release|Any CPU.ActiveCfg = Release|Any CPU
		{7F22CEAB-0747-454C-8D34-62289D3F6D4F}.Release|Any CPU.Build.0 = Release|Any CPU
	EndGlobalSection
	GlobalSection(SolutionProperties) = preSolution
		HideSolutionNode = FALSE
	EndGlobalSection
	GlobalSection(ExtensibilityGlobals) = postSolution
		SolutionGuid = {864523A6-4DEB-45FD-A678-9BB2C3D61588}
	EndGlobalSection
EndGlobal
