
Microsoft Visual Studio Solution File, Format Version 12.00
# Visual Studio Version 17
VisualStudioVersion = 17.3.32929.385
MinimumVisualStudioVersion = 10.0.40219.1
Project("{FAE04EC0-301F-11D3-BF4B-00C04F79EFBC}") = "Lists", "Lists.csproj", "{A9A50349-9A60-49C3-B2D3-AB815CC6BDB9}"
EndProject
Global
	GlobalSection(SolutionConfigurationPlatforms) = preSolution
		Debug|Any CPU = Debug|Any CPU
		Release|Any CPU = Release|Any CPU
	EndGlobalSection
	GlobalSection(ProjectConfigurationPlatforms) = postSolution
		{A9A50349-9A60-49C3-B2D3-AB815CC6BDB9}.Debug|Any CPU.ActiveCfg = Debug|Any CPU
		{A9A50349-9A60-49C3-B2D3-AB815CC6BDB9}.Debug|Any CPU.Build.0 = Debug|Any CPU
		{A9A50349-9A60-49C3-B2D3-AB815CC6BDB9}.Release|Any CPU.ActiveCfg = Release|Any CPU
		{A9A50349-9A60-49C3-B2D3-AB815CC6BDB9}.Release|Any CPU.Build.0 = Release|Any CPU
	EndGlobalSection
	GlobalSection(SolutionProperties) = preSolution
		HideSolutionNode = FALSE
	EndGlobalSection
	GlobalSection(ExtensibilityGlobals) = postSolution
		SolutionGuid = {8EDA0237-3A77-4746-B31C-312BD277F4BE}
	EndGlobalSection
EndGlobal
