
Microsoft Visual Studio Solution File, Format Version 12.00
# Visual Studio Version 17
VisualStudioVersion = 17.3.32929.385
MinimumVisualStudioVersion = 10.0.40219.1
Project("{9A19103F-16F7-4668-BE54-9A1E7A4F7556}") = "SwitchStatement", "SwitchStatement.csproj", "{032650D3-D179-475C-AECD-257678E74797}"
EndProject
Global
	GlobalSection(SolutionConfigurationPlatforms) = preSolution
		Debug|Any CPU = Debug|Any CPU
		Release|Any CPU = Release|Any CPU
	EndGlobalSection
	GlobalSection(ProjectConfigurationPlatforms) = postSolution
		{032650D3-D179-475C-AECD-257678E74797}.Debug|Any CPU.ActiveCfg = Debug|Any CPU
		{032650D3-D179-475C-AECD-257678E74797}.Debug|Any CPU.Build.0 = Debug|Any CPU
		{032650D3-D179-475C-AECD-257678E74797}.Release|Any CPU.ActiveCfg = Release|Any CPU
		{032650D3-D179-475C-AECD-257678E74797}.Release|Any CPU.Build.0 = Release|Any CPU
	EndGlobalSection
	GlobalSection(SolutionProperties) = preSolution
		HideSolutionNode = FALSE
	EndGlobalSection
	GlobalSection(ExtensibilityGlobals) = postSolution
		SolutionGuid = {C3F88CA1-D06E-4917-9BB8-918A933EE20B}
	EndGlobalSection
EndGlobal
