
Microsoft Visual Studio Solution File, Format Version 12.00
# Visual Studio Version 17
VisualStudioVersion = 17.3.32819.101
MinimumVisualStudioVersion = 10.0.40219.1
Project("{FAE04EC0-301F-11D3-BF4B-00C04F79EFBC}") = "CashierProject", "CashierProject.csproj", "{C829F1F8-CFE7-45E0-BEAC-4230825DB600}"
EndProject
Global
	GlobalSection(SolutionConfigurationPlatforms) = preSolution
		Debug|Any CPU = Debug|Any CPU
		Release|Any CPU = Release|Any CPU
	EndGlobalSection
	GlobalSection(ProjectConfigurationPlatforms) = postSolution
		{C829F1F8-CFE7-45E0-BEAC-4230825DB600}.Debug|Any CPU.ActiveCfg = Debug|Any CPU
		{C829F1F8-CFE7-45E0-BEAC-4230825DB600}.Debug|Any CPU.Build.0 = Debug|Any CPU
		{C829F1F8-CFE7-45E0-BEAC-4230825DB600}.Release|Any CPU.ActiveCfg = Release|Any CPU
		{C829F1F8-CFE7-45E0-BEAC-4230825DB600}.Release|Any CPU.Build.0 = Release|Any CPU
	EndGlobalSection
	GlobalSection(SolutionProperties) = preSolution
		HideSolutionNode = FALSE
	EndGlobalSection
	GlobalSection(ExtensibilityGlobals) = postSolution
		SolutionGuid = {0FB36E48-CD6F-4D93-9206-04934B5F5266}
	EndGlobalSection
EndGlobal
