
Microsoft Visual Studio Solution File, Format Version 12.00
# Visual Studio Version 17
VisualStudioVersion = 17.2.32630.192
MinimumVisualStudioVersion = 10.0.40219.1
Project("{FAE04EC0-301F-11D3-BF4B-00C04F79EFBC}") = "MyFirstApp", "MyFirstApp.csproj", "{4A8E63CF-0B25-4577-80B5-C276D2734809}"
EndProject
Project("{FAE04EC0-301F-11D3-BF4B-00C04F79EFBC}") = "ConsoleClass", "..\ConsoleClass\ConsoleClass.csproj", "{4253EC5E-6839-4B35-8263-942EC16BA267}"
EndProject
Project("{FAE04EC0-301F-11D3-BF4B-00C04F79EFBC}") = "Variables", "..\Variables\Variables.csproj", "{7AF38323-D6A8-4881-84BA-DC59051564AE}"
EndProject
Project("{FAE04EC0-301F-11D3-BF4B-00C04F79EFBC}") = "DataTypes", "..\DataTypes\DataTypes.csproj", "{9B5C3302-C149-4CD9-899C-7F67C929B3EA}"
EndProject
Project("{FAE04EC0-301F-11D3-BF4B-00C04F79EFBC}") = "Operators", "..\Operators\Operators.csproj", "{68A4A4E6-896E-4AC3-AA4A-FA7BD66F8D0E}"
EndProject
Project("{FAE04EC0-301F-11D3-BF4B-00C04F79EFBC}") = "ControlFlow", "..\ControlFlow\ControlFlow.csproj", "{BC5F5067-FA2B-4E49-B636-F8C732EF658B}"
EndProject
Project("{FAE04EC0-301F-11D3-BF4B-00C04F79EFBC}") = "OOPpractice", "..\OOPpractice\OOPpractice.csproj", "{2CCE1091-115A-4E1F-B58C-E24137A8F475}"
EndProject
Project("{FAE04EC0-301F-11D3-BF4B-00C04F79EFBC}") = "OOPpractice2", "..\OOPpractice2\OOPpractice2.csproj", "{1B13213A-53F8-4798-B630-46802B598F4B}"
EndProject
Project("{FAE04EC0-301F-11D3-BF4B-00C04F79EFBC}") = "OOPfields", "..\OOPfields\OOPfields.csproj", "{839E582D-ED1C-4A50-902C-DB2D408116E1}"
EndProject
Project("{FAE04EC0-301F-11D3-BF4B-00C04F79EFBC}") = "ClassLibrary1", "..\ClassLibrary1\ClassLibrary1.csproj", "{89A7A6D7-0878-4846-9305-0D8170C31C83}"
EndProject
Global
	GlobalSection(SolutionConfigurationPlatforms) = preSolution
		Debug|Any CPU = Debug|Any CPU
		Release|Any CPU = Release|Any CPU
	EndGlobalSection
	GlobalSection(ProjectConfigurationPlatforms) = postSolution
		{4A8E63CF-0B25-4577-80B5-C276D2734809}.Debug|Any CPU.ActiveCfg = Debug|Any CPU
		{4A8E63CF-0B25-4577-80B5-C276D2734809}.Debug|Any CPU.Build.0 = Debug|Any CPU
		{4A8E63CF-0B25-4577-80B5-C276D2734809}.Release|Any CPU.ActiveCfg = Release|Any CPU
		{4A8E63CF-0B25-4577-80B5-C276D2734809}.Release|Any CPU.Build.0 = Release|Any CPU
		{4253EC5E-6839-4B35-8263-942EC16BA267}.Debug|Any CPU.ActiveCfg = Debug|Any CPU
		{4253EC5E-6839-4B35-8263-942EC16BA267}.Debug|Any CPU.Build.0 = Debug|Any CPU
		{4253EC5E-6839-4B35-8263-942EC16BA267}.Release|Any CPU.ActiveCfg = Release|Any CPU
		{4253EC5E-6839-4B35-8263-942EC16BA267}.Release|Any CPU.Build.0 = Release|Any CPU
		{7AF38323-D6A8-4881-84BA-DC59051564AE}.Debug|Any CPU.ActiveCfg = Debug|Any CPU
		{7AF38323-D6A8-4881-84BA-DC59051564AE}.Debug|Any CPU.Build.0 = Debug|Any CPU
		{7AF38323-D6A8-4881-84BA-DC59051564AE}.Release|Any CPU.ActiveCfg = Release|Any CPU
		{7AF38323-D6A8-4881-84BA-DC59051564AE}.Release|Any CPU.Build.0 = Release|Any CPU
		{9B5C3302-C149-4CD9-899C-7F67C929B3EA}.Debug|Any CPU.ActiveCfg = Debug|Any CPU
		{9B5C3302-C149-4CD9-899C-7F67C929B3EA}.Debug|Any CPU.Build.0 = Debug|Any CPU
		{9B5C3302-C149-4CD9-899C-7F67C929B3EA}.Release|Any CPU.ActiveCfg = Release|Any CPU
		{9B5C3302-C149-4CD9-899C-7F67C929B3EA}.Release|Any CPU.Build.0 = Release|Any CPU
		{68A4A4E6-896E-4AC3-AA4A-FA7BD66F8D0E}.Debug|Any CPU.ActiveCfg = Debug|Any CPU
		{68A4A4E6-896E-4AC3-AA4A-FA7BD66F8D0E}.Debug|Any CPU.Build.0 = Debug|Any CPU
		{68A4A4E6-896E-4AC3-AA4A-FA7BD66F8D0E}.Release|Any CPU.ActiveCfg = Release|Any CPU
		{68A4A4E6-896E-4AC3-AA4A-FA7BD66F8D0E}.Release|Any CPU.Build.0 = Release|Any CPU
		{BC5F5067-FA2B-4E49-B636-F8C732EF658B}.Debug|Any CPU.ActiveCfg = Debug|Any CPU
		{BC5F5067-FA2B-4E49-B636-F8C732EF658B}.Debug|Any CPU.Build.0 = Debug|Any CPU
		{BC5F5067-FA2B-4E49-B636-F8C732EF658B}.Release|Any CPU.ActiveCfg = Release|Any CPU
		{BC5F5067-FA2B-4E49-B636-F8C732EF658B}.Release|Any CPU.Build.0 = Release|Any CPU
		{2CCE1091-115A-4E1F-B58C-E24137A8F475}.Debug|Any CPU.ActiveCfg = Debug|Any CPU
		{2CCE1091-115A-4E1F-B58C-E24137A8F475}.Debug|Any CPU.Build.0 = Debug|Any CPU
		{2CCE1091-115A-4E1F-B58C-E24137A8F475}.Release|Any CPU.ActiveCfg = Release|Any CPU
		{2CCE1091-115A-4E1F-B58C-E24137A8F475}.Release|Any CPU.Build.0 = Release|Any CPU
		{1B13213A-53F8-4798-B630-46802B598F4B}.Debug|Any CPU.ActiveCfg = Debug|Any CPU
		{1B13213A-53F8-4798-B630-46802B598F4B}.Debug|Any CPU.Build.0 = Debug|Any CPU
		{1B13213A-53F8-4798-B630-46802B598F4B}.Release|Any CPU.ActiveCfg = Release|Any CPU
		{1B13213A-53F8-4798-B630-46802B598F4B}.Release|Any CPU.Build.0 = Release|Any CPU
		{839E582D-ED1C-4A50-902C-DB2D408116E1}.Debug|Any CPU.ActiveCfg = Debug|Any CPU
		{839E582D-ED1C-4A50-902C-DB2D408116E1}.Debug|Any CPU.Build.0 = Debug|Any CPU
		{839E582D-ED1C-4A50-902C-DB2D408116E1}.Release|Any CPU.ActiveCfg = Release|Any CPU
		{839E582D-ED1C-4A50-902C-DB2D408116E1}.Release|Any CPU.Build.0 = Release|Any CPU
		{89A7A6D7-0878-4846-9305-0D8170C31C83}.Debug|Any CPU.ActiveCfg = Debug|Any CPU
		{89A7A6D7-0878-4846-9305-0D8170C31C83}.Debug|Any CPU.Build.0 = Debug|Any CPU
		{89A7A6D7-0878-4846-9305-0D8170C31C83}.Release|Any CPU.ActiveCfg = Release|Any CPU
		{89A7A6D7-0878-4846-9305-0D8170C31C83}.Release|Any CPU.Build.0 = Release|Any CPU
	EndGlobalSection
	GlobalSection(SolutionProperties) = preSolution
		HideSolutionNode = FALSE
	EndGlobalSection
	GlobalSection(ExtensibilityGlobals) = postSolution
		SolutionGuid = {592EC8BD-D31B-48A3-89CE-5513FA9A213D}
	EndGlobalSection
EndGlobal
