
Microsoft Visual Studio Solution File, Format Version 12.00
# Visual Studio Version 17
VisualStudioVersion = 17.3.32825.248
MinimumVisualStudioVersion = 10.0.40219.1
Project("{FAE04EC0-301F-11D3-BF4B-00C04F79EFBC}") = "ForEachSwitch", "ForEachSwitch.csproj", "{77491747-8159-4F6E-91ED-90F5FA3F5EC4}"
EndProject
Global
	GlobalSection(SolutionConfigurationPlatforms) = preSolution
		Debug|Any CPU = Debug|Any CPU
		Release|Any CPU = Release|Any CPU
	EndGlobalSection
	GlobalSection(ProjectConfigurationPlatforms) = postSolution
		{77491747-8159-4F6E-91ED-90F5FA3F5EC4}.Debug|Any CPU.ActiveCfg = Debug|Any CPU
		{77491747-8159-4F6E-91ED-90F5FA3F5EC4}.Debug|Any CPU.Build.0 = Debug|Any CPU
		{77491747-8159-4F6E-91ED-90F5FA3F5EC4}.Release|Any CPU.ActiveCfg = Release|Any CPU
		{77491747-8159-4F6E-91ED-90F5FA3F5EC4}.Release|Any CPU.Build.0 = Release|Any CPU
	EndGlobalSection
	GlobalSection(SolutionProperties) = preSolution
		HideSolutionNode = FALSE
	EndGlobalSection
	GlobalSection(ExtensibilityGlobals) = postSolution
		SolutionGuid = {7B68F64D-C3DD-45AD-B4C9-ADD02D8DF3B6}
	EndGlobalSection
EndGlobal
