
Microsoft Visual Studio Solution File, Format Version 12.00
# Visual Studio Version 17
VisualStudioVersion = 17.3.32929.385
MinimumVisualStudioVersion = 10.0.40219.1
Project("{9A19103F-16F7-4668-BE54-9A1E7A4F7556}") = "ForLoop", "ForLoop.csproj", "{83D0ADE4-4C36-4D91-8B12-5D19245FFAC0}"
EndProject
Global
	GlobalSection(SolutionConfigurationPlatforms) = preSolution
		Debug|Any CPU = Debug|Any CPU
		Release|Any CPU = Release|Any CPU
	EndGlobalSection
	GlobalSection(ProjectConfigurationPlatforms) = postSolution
		{83D0ADE4-4C36-4D91-8B12-5D19245FFAC0}.Debug|Any CPU.ActiveCfg = Debug|Any CPU
		{83D0ADE4-4C36-4D91-8B12-5D19245FFAC0}.Debug|Any CPU.Build.0 = Debug|Any CPU
		{83D0ADE4-4C36-4D91-8B12-5D19245FFAC0}.Release|Any CPU.ActiveCfg = Release|Any CPU
		{83D0ADE4-4C36-4D91-8B12-5D19245FFAC0}.Release|Any CPU.Build.0 = Release|Any CPU
	EndGlobalSection
	GlobalSection(SolutionProperties) = preSolution
		HideSolutionNode = FALSE
	EndGlobalSection
	GlobalSection(ExtensibilityGlobals) = postSolution
		SolutionGuid = {2098D823-9761-4E25-8DD1-F33AD4D35B94}
	EndGlobalSection
EndGlobal
