
Microsoft Visual Studio Solution File, Format Version 12.00
# Visual Studio Version 17
VisualStudioVersion = 17.3.32825.248
MinimumVisualStudioVersion = 10.0.40219.1
Project("{FAE04EC0-301F-11D3-BF4B-00C04F79EFBC}") = "NestedLoops", "NestedLoops.csproj", "{F7ED52EB-7490-47F2-BCD8-CA9011AC65AC}"
EndProject
Global
	GlobalSection(SolutionConfigurationPlatforms) = preSolution
		Debug|Any CPU = Debug|Any CPU
		Release|Any CPU = Release|Any CPU
	EndGlobalSection
	GlobalSection(ProjectConfigurationPlatforms) = postSolution
		{F7ED52EB-7490-47F2-BCD8-CA9011AC65AC}.Debug|Any CPU.ActiveCfg = Debug|Any CPU
		{F7ED52EB-7490-47F2-BCD8-CA9011AC65AC}.Debug|Any CPU.Build.0 = Debug|Any CPU
		{F7ED52EB-7490-47F2-BCD8-CA9011AC65AC}.Release|Any CPU.ActiveCfg = Release|Any CPU
		{F7ED52EB-7490-47F2-BCD8-CA9011AC65AC}.Release|Any CPU.Build.0 = Release|Any CPU
	EndGlobalSection
	GlobalSection(SolutionProperties) = preSolution
		HideSolutionNode = FALSE
	EndGlobalSection
	GlobalSection(ExtensibilityGlobals) = postSolution
		SolutionGuid = {1549ED22-AF9B-4BA2-83AD-DA1D8BDEA34B}
	EndGlobalSection
EndGlobal
