
Microsoft Visual Studio Solution File, Format Version 12.00
# Visual Studio Version 17
VisualStudioVersion = 17.2.32630.192
MinimumVisualStudioVersion = 10.0.40219.1
Project("{FAE04EC0-301F-11D3-BF4B-00C04F79EFBC}") = "DataTypesChooseCorrectly", "DataTypesChooseCorrectly.csproj", "{623ED4E3-D5AB-4CB5-BD22-4ACFC33DC7E7}"
EndProject
Project("{FAE04EC0-301F-11D3-BF4B-00C04F79EFBC}") = "SignedAndUnsignedDataTypes", "SignedAndUnsignedDataTypes\SignedAndUnsignedDataTypes.csproj", "{6445FDA2-8756-4E9E-A537-96B46B5EDC26}"
EndProject
Project("{FAE04EC0-301F-11D3-BF4B-00C04F79EFBC}") = "FloatPointTypes", "FloatPointTypes\FloatPointTypes.csproj", "{703B32B6-1B42-4D78-897F-7C5720049CC4}"
EndProject
Project("{FAE04EC0-301F-11D3-BF4B-00C04F79EFBC}") = "ReferenceType", "ReferenceType\ReferenceType.csproj", "{265675F5-7B95-4DDD-9F97-2039B123FDA3}"
EndProject
Global
	GlobalSection(SolutionConfigurationPlatforms) = preSolution
		Debug|Any CPU = Debug|Any CPU
		Release|Any CPU = Release|Any CPU
	EndGlobalSection
	GlobalSection(ProjectConfigurationPlatforms) = postSolution
		{623ED4E3-D5AB-4CB5-BD22-4ACFC33DC7E7}.Debug|Any CPU.ActiveCfg = Debug|Any CPU
		{623ED4E3-D5AB-4CB5-BD22-4ACFC33DC7E7}.Debug|Any CPU.Build.0 = Debug|Any CPU
		{623ED4E3-D5AB-4CB5-BD22-4ACFC33DC7E7}.Release|Any CPU.ActiveCfg = Release|Any CPU
		{623ED4E3-D5AB-4CB5-BD22-4ACFC33DC7E7}.Release|Any CPU.Build.0 = Release|Any CPU
		{6445FDA2-8756-4E9E-A537-96B46B5EDC26}.Debug|Any CPU.ActiveCfg = Debug|Any CPU
		{6445FDA2-8756-4E9E-A537-96B46B5EDC26}.Debug|Any CPU.Build.0 = Debug|Any CPU
		{6445FDA2-8756-4E9E-A537-96B46B5EDC26}.Release|Any CPU.ActiveCfg = Release|Any CPU
		{6445FDA2-8756-4E9E-A537-96B46B5EDC26}.Release|Any CPU.Build.0 = Release|Any CPU
		{703B32B6-1B42-4D78-897F-7C5720049CC4}.Debug|Any CPU.ActiveCfg = Debug|Any CPU
		{703B32B6-1B42-4D78-897F-7C5720049CC4}.Debug|Any CPU.Build.0 = Debug|Any CPU
		{703B32B6-1B42-4D78-897F-7C5720049CC4}.Release|Any CPU.ActiveCfg = Release|Any CPU
		{703B32B6-1B42-4D78-897F-7C5720049CC4}.Release|Any CPU.Build.0 = Release|Any CPU
		{265675F5-7B95-4DDD-9F97-2039B123FDA3}.Debug|Any CPU.ActiveCfg = Debug|Any CPU
		{265675F5-7B95-4DDD-9F97-2039B123FDA3}.Debug|Any CPU.Build.0 = Debug|Any CPU
		{265675F5-7B95-4DDD-9F97-2039B123FDA3}.Release|Any CPU.ActiveCfg = Release|Any CPU
		{265675F5-7B95-4DDD-9F97-2039B123FDA3}.Release|Any CPU.Build.0 = Release|Any CPU
	EndGlobalSection
	GlobalSection(SolutionProperties) = preSolution
		HideSolutionNode = FALSE
	EndGlobalSection
	GlobalSection(ExtensibilityGlobals) = postSolution
		SolutionGuid = {94DDF458-5826-4DD7-B629-6B86423DF6DC}
	EndGlobalSection
EndGlobal
