
Microsoft Visual Studio Solution File, Format Version 12.00
# Visual Studio Version 17
VisualStudioVersion = 17.3.32929.385
MinimumVisualStudioVersion = 10.0.40219.1
Project("{FAE04EC0-301F-11D3-BF4B-00C04F79EFBC}") = "Fundamentals", "Fundamentals.csproj", "{6AF412FD-9B07-4003-8319-3DBB02161DA2}"
EndProject
Global
	GlobalSection(SolutionConfigurationPlatforms) = preSolution
		Debug|Any CPU = Debug|Any CPU
		Release|Any CPU = Release|Any CPU
	EndGlobalSection
	GlobalSection(ProjectConfigurationPlatforms) = postSolution
		{6AF412FD-9B07-4003-8319-3DBB02161DA2}.Debug|Any CPU.ActiveCfg = Debug|Any CPU
		{6AF412FD-9B07-4003-8319-3DBB02161DA2}.Debug|Any CPU.Build.0 = Debug|Any CPU
		{6AF412FD-9B07-4003-8319-3DBB02161DA2}.Release|Any CPU.ActiveCfg = Release|Any CPU
		{6AF412FD-9B07-4003-8319-3DBB02161DA2}.Release|Any CPU.Build.0 = Release|Any CPU
	EndGlobalSection
	GlobalSection(SolutionProperties) = preSolution
		HideSolutionNode = FALSE
	EndGlobalSection
	GlobalSection(ExtensibilityGlobals) = postSolution
		SolutionGuid = {1F76746A-C691-4E83-BCB7-07673E932F7B}
	EndGlobalSection
EndGlobal
