
Microsoft Visual Studio Solution File, Format Version 12.00
# Visual Studio Version 17
VisualStudioVersion = 17.3.32811.315
MinimumVisualStudioVersion = 10.0.40219.1
Project("{FAE04EC0-301F-11D3-BF4B-00C04F79EFBC}") = "ChallengeFrontSurface", "ChallengeFrontSurface.csproj", "{53C9059C-3C3D-4A73-8594-30381D3E82D9}"
EndProject
Global
	GlobalSection(SolutionConfigurationPlatforms) = preSolution
		Debug|Any CPU = Debug|Any CPU
		Release|Any CPU = Release|Any CPU
	EndGlobalSection
	GlobalSection(ProjectConfigurationPlatforms) = postSolution
		{53C9059C-3C3D-4A73-8594-30381D3E82D9}.Debug|Any CPU.ActiveCfg = Debug|Any CPU
		{53C9059C-3C3D-4A73-8594-30381D3E82D9}.Debug|Any CPU.Build.0 = Debug|Any CPU
		{53C9059C-3C3D-4A73-8594-30381D3E82D9}.Release|Any CPU.ActiveCfg = Release|Any CPU
		{53C9059C-3C3D-4A73-8594-30381D3E82D9}.Release|Any CPU.Build.0 = Release|Any CPU
	EndGlobalSection
	GlobalSection(SolutionProperties) = preSolution
		HideSolutionNode = FALSE
	EndGlobalSection
	GlobalSection(ExtensibilityGlobals) = postSolution
		SolutionGuid = {61FD69A8-DC40-4F39-B200-43D5D2D2747E}
	EndGlobalSection
EndGlobal
