
Microsoft Visual Studio Solution File, Format Version 12.00
# Visual Studio Version 17
VisualStudioVersion = 17.3.32929.385
MinimumVisualStudioVersion = 10.0.40219.1
Project("{FAE04EC0-301F-11D3-BF4B-00C04F79EFBC}") = "DoWhile", "DoWhile.csproj", "{C31070FE-143E-409E-A061-0EA7075A7CBA}"
EndProject
Global
	GlobalSection(SolutionConfigurationPlatforms) = preSolution
		Debug|Any CPU = Debug|Any CPU
		Release|Any CPU = Release|Any CPU
	EndGlobalSection
	GlobalSection(ProjectConfigurationPlatforms) = postSolution
		{C31070FE-143E-409E-A061-0EA7075A7CBA}.Debug|Any CPU.ActiveCfg = Debug|Any CPU
		{C31070FE-143E-409E-A061-0EA7075A7CBA}.Debug|Any CPU.Build.0 = Debug|Any CPU
		{C31070FE-143E-409E-A061-0EA7075A7CBA}.Release|Any CPU.ActiveCfg = Release|Any CPU
		{C31070FE-143E-409E-A061-0EA7075A7CBA}.Release|Any CPU.Build.0 = Release|Any CPU
	EndGlobalSection
	GlobalSection(SolutionProperties) = preSolution
		HideSolutionNode = FALSE
	EndGlobalSection
	GlobalSection(ExtensibilityGlobals) = postSolution
		SolutionGuid = {B48C1E49-6A20-4538-92DD-C6C91B9E8C59}
	EndGlobalSection
EndGlobal
