
Microsoft Visual Studio Solution File, Format Version 12.00
# Visual Studio Version 17
VisualStudioVersion = 17.2.32630.192
MinimumVisualStudioVersion = 10.0.40219.1
Project("{FAE04EC0-301F-11D3-BF4B-00C04F79EFBC}") = "TitleNames", "TitleNames.csproj", "{FDA935E8-A8F4-4709-9B15-49E67496BC02}"
EndProject
Global
	GlobalSection(SolutionConfigurationPlatforms) = preSolution
		Debug|Any CPU = Debug|Any CPU
		Release|Any CPU = Release|Any CPU
	EndGlobalSection
	GlobalSection(ProjectConfigurationPlatforms) = postSolution
		{FDA935E8-A8F4-4709-9B15-49E67496BC02}.Debug|Any CPU.ActiveCfg = Debug|Any CPU
		{FDA935E8-A8F4-4709-9B15-49E67496BC02}.Debug|Any CPU.Build.0 = Debug|Any CPU
		{FDA935E8-A8F4-4709-9B15-49E67496BC02}.Release|Any CPU.ActiveCfg = Release|Any CPU
		{FDA935E8-A8F4-4709-9B15-49E67496BC02}.Release|Any CPU.Build.0 = Release|Any CPU
	EndGlobalSection
	GlobalSection(SolutionProperties) = preSolution
		HideSolutionNode = FALSE
	EndGlobalSection
	GlobalSection(ExtensibilityGlobals) = postSolution
		SolutionGuid = {1F50E4AD-A4C7-41DC-AA4D-FF26BF1C22CB}
	EndGlobalSection
EndGlobal
